
Microsoft Visual Studio Solution File, Format Version 12.00
# Visual Studio 15
VisualStudioVersion = 15.0.26730.16
MinimumVisualStudioVersion = 10.0.40219.1
Project("{888888A0-9F3D-457C-B088-3A5042F75D52}") = "Approx_NN", "Approx_NN\Approx_NN.pyproj", "{D5838F87-1336-471C-8182-7B0FC4F6A814}"
EndProject
Global
	GlobalSection(SolutionConfigurationPlatforms) = preSolution
		Debug|Any CPU = Debug|Any CPU
		Release|Any CPU = Release|Any CPU
	EndGlobalSection
	GlobalSection(ProjectConfigurationPlatforms) = postSolution
		{D5838F87-1336-471C-8182-7B0FC4F6A814}.Debug|Any CPU.ActiveCfg = Debug|Any CPU
		{D5838F87-1336-471C-8182-7B0FC4F6A814}.Release|Any CPU.ActiveCfg = Release|Any CPU
	EndGlobalSection
	GlobalSection(SolutionProperties) = preSolution
		HideSolutionNode = FALSE
	EndGlobalSection
	GlobalSection(ExtensibilityGlobals) = postSolution
		SolutionGuid = {2AA5F879-E9D8-40DE-94A8-76ED15F7637F}
	EndGlobalSection
EndGlobal
