
Microsoft Visual Studio Solution File, Format Version 12.00
# Visual Studio 15
VisualStudioVersion = 15.0.26730.16
MinimumVisualStudioVersion = 10.0.40219.1
Project("{888888A0-9F3D-457C-B088-3A5042F75D52}") = "phyengine with tf", "phyengine with tf\phyengine with tf.pyproj", "{8E2DE80B-1C61-435E-834B-3C577760DA27}"
EndProject
Global
	GlobalSection(SolutionConfigurationPlatforms) = preSolution
		Debug|Any CPU = Debug|Any CPU
		Release|Any CPU = Release|Any CPU
	EndGlobalSection
	GlobalSection(ProjectConfigurationPlatforms) = postSolution
		{8E2DE80B-1C61-435E-834B-3C577760DA27}.Debug|Any CPU.ActiveCfg = Debug|Any CPU
		{8E2DE80B-1C61-435E-834B-3C577760DA27}.Release|Any CPU.ActiveCfg = Release|Any CPU
	EndGlobalSection
	GlobalSection(SolutionProperties) = preSolution
		HideSolutionNode = FALSE
	EndGlobalSection
	GlobalSection(ExtensibilityGlobals) = postSolution
		SolutionGuid = {016A2F09-575F-4177-B596-E0C7BE0F22C4}
	EndGlobalSection
EndGlobal
